
Microsoft Visual Studio Solution File, Format Version 12.00
# Visual Studio Version 18
VisualStudioVersion = 18.2.11430.68 d18.0
MinimumVisualStudioVersion = 10.0.40219.1
Project("{FAE04EC0-301F-11D3-BF4B-00C04F79EFBC}") = "RabbitMQ.MemoryTest", "RabbitMQ.MemoryTest.csproj", "{A2153DD2-25AC-493A-8EBD-1E2D5C065884}"
EndProject
Project("{FAE04EC0-301F-11D3-BF4B-00C04F79EFBC}") = "RabbitMQ.Client", "..\rabbitmq-dotnet-client\projects\RabbitMQ.Client\RabbitMQ.Client.csproj", "{51453037-A5BB-C2C3-DCAF-E85DFE4D29B2}"
EndProject
Global
	GlobalSection(SolutionConfigurationPlatforms) = preSolution
		Debug|Any CPU = Debug|Any CPU
		Release|Any CPU = Release|Any CPU
	EndGlobalSection
	GlobalSection(ProjectConfigurationPlatforms) = postSolution
		{A2153DD2-25AC-493A-8EBD-1E2D5C065884}.Debug|Any CPU.ActiveCfg = Debug|Any CPU
		{A2153DD2-25AC-493A-8EBD-1E2D5C065884}.Debug|Any CPU.Build.0 = Debug|Any CPU
		{A2153DD2-25AC-493A-8EBD-1E2D5C065884}.Release|Any CPU.ActiveCfg = Release|Any CPU
		{A2153DD2-25AC-493A-8EBD-1E2D5C065884}.Release|Any CPU.Build.0 = Release|Any CPU
		{51453037-A5BB-C2C3-DCAF-E85DFE4D29B2}.Debug|Any CPU.ActiveCfg = Debug|Any CPU
		{51453037-A5BB-C2C3-DCAF-E85DFE4D29B2}.Debug|Any CPU.Build.0 = Debug|Any CPU
		{51453037-A5BB-C2C3-DCAF-E85DFE4D29B2}.Release|Any CPU.ActiveCfg = Release|Any CPU
		{51453037-A5BB-C2C3-DCAF-E85DFE4D29B2}.Release|Any CPU.Build.0 = Release|Any CPU
	EndGlobalSection
	GlobalSection(SolutionProperties) = preSolution
		HideSolutionNode = FALSE
	EndGlobalSection
EndGlobal
